
Microsoft Visual Studio Solution File, Format Version 12.00
# Visual Studio Version 16
VisualStudioVersion = 25.0.1705.3
MinimumVisualStudioVersion = 10.0.40219.1
Project("{FAE04EC0-301F-11D3-BF4B-00C04F79EFBC}") = "Gestion_Parc", "Gestion_Parc\Gestion_Parc.csproj", "{F68F7B6C-8BFC-450D-B83B-736A6FEDCE2C}"
EndProject
Global
	GlobalSection(SolutionConfigurationPlatforms) = preSolution
		Debug|Any CPU = Debug|Any CPU
		Release|Any CPU = Release|Any CPU
	EndGlobalSection
	GlobalSection(ProjectConfigurationPlatforms) = postSolution
		{F68F7B6C-8BFC-450D-B83B-736A6FEDCE2C}.Debug|Any CPU.ActiveCfg = Debug|Any CPU
		{F68F7B6C-8BFC-450D-B83B-736A6FEDCE2C}.Debug|Any CPU.Build.0 = Debug|Any CPU
	EndGlobalSection
	GlobalSection(SolutionProperties) = preSolution
		HideSolutionNode = FALSE
	EndGlobalSection
	GlobalSection(ExtensibilityGlobals) = postSolution
		SolutionGuid = {D1DAC371-B750-4FDD-BA6A-985D3AAE6855}
	EndGlobalSection
	GlobalSection(MonoDevelopProperties) = preSolution
		Policies = $0
		$0.StandardHeader = $1
		outputpath = ../Gestion_parc_informatique/Gestion_parc_informatique/bin
	EndGlobalSection
EndGlobal
